<?xml version="1.0" encoding="utf-8"?>
<Project ToolsVersion="4.0" xmlns="http://schemas.microsoft.com/developer/msbuild/2003">
  <ItemGroup>
    <ClCompile Include="src\app\main.cpp" />
    <ClCompile Include="src\core\Process\Process.cpp" />
    <ClCompile Include="src\ui\Window\Window.cpp" />
    <ClCompile Include="src\ui\InjectorView.cpp" />
    <ClCompile Include="third_party\imgui-1.92.9b\imgui.cpp" />
    <ClCompile Include="third_party\imgui-1.92.9b\imgui_demo.cpp" />
    <ClCompile Include="third_party\imgui-1.92.9b\imgui_draw.cpp" />
    <ClCompile Include="third_party\imgui-1.92.9b\imgui_tables.cpp" />
    <ClCompile Include="third_party\imgui-1.92.9b\imgui_widgets.cpp" />
    <ClCompile Include="third_party\imgui-1.92.9b\backends\imgui_impl_sdl3.cpp" />
    <ClCompile Include="third_party\imgui-1.92.9b\backends\imgui_impl_sdlrenderer3.cpp" />
    <ClCompile Include="src\app\AppController.cpp" />
    <ClCompile Include="src\core\Injector\Injector.cpp" />
    <ClCompile Include="src\core\File\File.cpp" />
  </ItemGroup>
  <ItemGroup>
    <ClInclude Include="src\core\Process\Process.h" />
    <ClInclude Include="src\ui\Window\Window.h" />
    <ClInclude Include="src\ui\InjectorView.h" />
    <ClInclude Include="src\app\AppController.h" />
    <ClInclude Include="src\app\AppState.h" />
    <ClInclude Include="src\app\AppMetadata.h" />
    <ClInclude Include="src\core\Injector\Injector.h" />
    <ClInclude Include="src\core\File\File.h" />
  </ItemGroup>
</Project>
